
Microsoft Visual Studio Solution File, Format Version 12.00
# Visual Studio 14
VisualStudioVersion = 14.0.25420.1
MinimumVisualStudioVersion = 10.0.40219.1
Project("{FAE04EC0-301F-11D3-BF4B-00C04F79EFBC}") = "Erst_app_using_prism", "Erst_app_using_prism\Erst_app_using_prism.csproj", "{359E911D-0767-4402-B1DA-DF2E2096B14A}"
EndProject
Project("{FAE04EC0-301F-11D3-BF4B-00C04F79EFBC}") = "simpleprismapplicationModule", "simpleprismapplicationModule\simpleprismapplicationModule.csproj", "{05094A5B-720D-4F52-8EAD-EEC2759ADF6C}"
EndProject
Global
	GlobalSection(SolutionConfigurationPlatforms) = preSolution
		Debug|Any CPU = Debug|Any CPU
		Release|Any CPU = Release|Any CPU
	EndGlobalSection
	GlobalSection(ProjectConfigurationPlatforms) = postSolution
		{359E911D-0767-4402-B1DA-DF2E2096B14A}.Debug|Any CPU.ActiveCfg = Debug|Any CPU
		{359E911D-0767-4402-B1DA-DF2E2096B14A}.Debug|Any CPU.Build.0 = Debug|Any CPU
		{359E911D-0767-4402-B1DA-DF2E2096B14A}.Release|Any CPU.ActiveCfg = Release|Any CPU
		{359E911D-0767-4402-B1DA-DF2E2096B14A}.Release|Any CPU.Build.0 = Release|Any CPU
		{05094A5B-720D-4F52-8EAD-EEC2759ADF6C}.Debug|Any CPU.ActiveCfg = Debug|Any CPU
		{05094A5B-720D-4F52-8EAD-EEC2759ADF6C}.Debug|Any CPU.Build.0 = Debug|Any CPU
		{05094A5B-720D-4F52-8EAD-EEC2759ADF6C}.Release|Any CPU.ActiveCfg = Release|Any CPU
		{05094A5B-720D-4F52-8EAD-EEC2759ADF6C}.Release|Any CPU.Build.0 = Release|Any CPU
	EndGlobalSection
	GlobalSection(SolutionProperties) = preSolution
		HideSolutionNode = FALSE
	EndGlobalSection
EndGlobal
